
Microsoft Visual Studio Solution File, Format Version 12.00
Project("{2150E333-8FDC-42A3-9474-1A3956D46DE8}") = "Arrays", "Arrays", "{BC5D6FC1-CBB0-411C-A320-F93EE9FF1CA7}"
EndProject
Project("{FAE04EC0-301F-11D3-BF4B-00C04F79EFBC}") = "ArrayOfProductsAllElements", "src\Arrays\ArrayOfProductsAllElements\ArrayOfProductsAllElements.csproj", "{F9334C3F-FFE1-4075-8364-3309D16E786B}"
EndProject
Project("{FAE04EC0-301F-11D3-BF4B-00C04F79EFBC}") = "FindMinimum", "src\Arrays\FindMinimum\FindMinimum.csproj", "{8BC76EE6-1BA8-4C9C-B35C-41534B07DD8E}"
EndProject
Project("{FAE04EC0-301F-11D3-BF4B-00C04F79EFBC}") = "FindTwoNumbersAddUpGivenValue", "src\Arrays\FindTwoNumbersAddUpGivenValue\FindTwoNumbersAddUpGivenValue.csproj", "{F80A985B-0BE5-4063-94E6-C8518DC40B28}"
EndProject
Project("{FAE04EC0-301F-11D3-BF4B-00C04F79EFBC}") = "MergeTwoSortedArrays", "src\Arrays\MergeTwoSortedArrays\MergeTwoSortedArrays.csproj", "{84850382-6BA8-4852-B257-F5E763D4E913}"
EndProject
Project("{FAE04EC0-301F-11D3-BF4B-00C04F79EFBC}") = "RemoveEvenIntegers", "src\Arrays\RemoveEvenIntegers\RemoveEvenIntegers.csproj", "{CA5DFEEB-B9F9-4BD7-89C1-9C318CD201EC}"
EndProject
Project("{FAE04EC0-301F-11D3-BF4B-00C04F79EFBC}") = "FindingFirstUniqueInteger", "FindingFirstUniqueInteger\FindingFirstUniqueInteger.csproj", "{4F5229BD-1756-476F-B57E-FC25CAAC1349}"
EndProject
Project("{FAE04EC0-301F-11D3-BF4B-00C04F79EFBC}") = "FindingSecondMaximumValueInArray", "FindingSecondMaximumValueInArray\FindingSecondMaximumValueInArray.csproj", "{B5183737-7B46-43C5-96D1-6A9FC02E2591}"
EndProject
Project("{FAE04EC0-301F-11D3-BF4B-00C04F79EFBC}") = "RightRotateArrayByOne", "RightRotateArrayByOne\RightRotateArrayByOne.csproj", "{0415F154-A709-4A0D-8AC8-1FB67DAB5E49}"
EndProject
Project("{FAE04EC0-301F-11D3-BF4B-00C04F79EFBC}") = "RearrangePositiveAndNegativeValues", "RearrangePositiveAndNegativeValues\RearrangePositiveAndNegativeValues.csproj", "{FC155CF7-B296-48A8-9909-B0FED529E15A}"
EndProject
Project("{FAE04EC0-301F-11D3-BF4B-00C04F79EFBC}") = "RearrangeSortedArrayMaxMinForm", "RearrangeSortedArrayMaxMinForm\RearrangeSortedArrayMaxMinForm.csproj", "{7F009B67-C58C-4C99-B3C3-EF39CF459081}"
EndProject
Project("{FAE04EC0-301F-11D3-BF4B-00C04F79EFBC}") = "MaximumSumSubarray", "MaximumSumSubarray\MaximumSumSubarray.csproj", "{315883B8-38D8-4A5C-A913-3EE0BCA0290D}"
EndProject
Project("{2150E333-8FDC-42A3-9474-1A3956D46DE8}") = "LinkedList", "LinkedList", "{381A0C90-F6D2-42C2-9FF0-BE559728E6AB}"
EndProject
Project("{FAE04EC0-301F-11D3-BF4B-00C04F79EFBC}") = "LinkedListTest", "src\LinkedListTest\LinkedListTest.csproj", "{961773E6-43D6-40AC-9EF2-024330C31799}"
EndProject
Project("{FAE04EC0-301F-11D3-BF4B-00C04F79EFBC}") = "SingleLinkedList", "src\SingleLinkedList\SingleLinkedList.csproj", "{F58B92AC-7026-45CE-9C31-C400FBB8DCB9}"
EndProject
Project("{2150E333-8FDC-42A3-9474-1A3956D46DE8}") = "Stack", "Stack", "{E33774C9-CDF8-49B2-9BBC-434CCB185B92}"
EndProject
Project("{FAE04EC0-301F-11D3-BF4B-00C04F79EFBC}") = "Stack", "src\Stack\Stack.csproj", "{8C5B032F-F380-4B7E-B8AE-9B911DBA8B00}"
EndProject
Project("{2150E333-8FDC-42A3-9474-1A3956D46DE8}") = "Queue", "Queue", "{AF6AD9DF-4B3A-4EAC-9432-9381A2590D5C}"
EndProject
Project("{FAE04EC0-301F-11D3-BF4B-00C04F79EFBC}") = "Queue", "src\Queue\Queue.csproj", "{C16F476B-4702-4420-B9CC-4820F4465131}"
EndProject
Project("{FAE04EC0-301F-11D3-BF4B-00C04F79EFBC}") = "QueueTests", "src\QueueTests\QueueTests.csproj", "{B6C424C6-E162-4745-8584-6AB2D97F19B8}"
EndProject
Project("{FAE04EC0-301F-11D3-BF4B-00C04F79EFBC}") = "StackTests", "src\StackTests\StackTests.csproj", "{A38757E9-237F-4788-AA0F-B8F6B72B6F0E}"
EndProject
Project("{2150E333-8FDC-42A3-9474-1A3956D46DE8}") = "Graph", "Graph", "{C2854CE5-FEB8-4F35-8665-B4E292709D34}"
EndProject
Project("{FAE04EC0-301F-11D3-BF4B-00C04F79EFBC}") = "Graph", "src\Graph\Graph.csproj", "{3AFA9C57-DA64-4325-A0C7-2E300DC47041}"
EndProject
Project("{FAE04EC0-301F-11D3-BF4B-00C04F79EFBC}") = "GraphTests", "src\GraphTests\GraphTests.csproj", "{C40A6937-29EE-487D-B00A-03924383AEC4}"
EndProject
Global
	GlobalSection(SolutionConfigurationPlatforms) = preSolution
		Debug|Any CPU = Debug|Any CPU
		Release|Any CPU = Release|Any CPU
	EndGlobalSection
	GlobalSection(ProjectConfigurationPlatforms) = postSolution
		{F9334C3F-FFE1-4075-8364-3309D16E786B}.Debug|Any CPU.ActiveCfg = Debug|Any CPU
		{F9334C3F-FFE1-4075-8364-3309D16E786B}.Debug|Any CPU.Build.0 = Debug|Any CPU
		{F9334C3F-FFE1-4075-8364-3309D16E786B}.Release|Any CPU.ActiveCfg = Release|Any CPU
		{F9334C3F-FFE1-4075-8364-3309D16E786B}.Release|Any CPU.Build.0 = Release|Any CPU
		{8BC76EE6-1BA8-4C9C-B35C-41534B07DD8E}.Debug|Any CPU.ActiveCfg = Debug|Any CPU
		{8BC76EE6-1BA8-4C9C-B35C-41534B07DD8E}.Debug|Any CPU.Build.0 = Debug|Any CPU
		{8BC76EE6-1BA8-4C9C-B35C-41534B07DD8E}.Release|Any CPU.ActiveCfg = Release|Any CPU
		{8BC76EE6-1BA8-4C9C-B35C-41534B07DD8E}.Release|Any CPU.Build.0 = Release|Any CPU
		{F80A985B-0BE5-4063-94E6-C8518DC40B28}.Debug|Any CPU.ActiveCfg = Debug|Any CPU
		{F80A985B-0BE5-4063-94E6-C8518DC40B28}.Debug|Any CPU.Build.0 = Debug|Any CPU
		{F80A985B-0BE5-4063-94E6-C8518DC40B28}.Release|Any CPU.ActiveCfg = Release|Any CPU
		{F80A985B-0BE5-4063-94E6-C8518DC40B28}.Release|Any CPU.Build.0 = Release|Any CPU
		{84850382-6BA8-4852-B257-F5E763D4E913}.Debug|Any CPU.ActiveCfg = Debug|Any CPU
		{84850382-6BA8-4852-B257-F5E763D4E913}.Debug|Any CPU.Build.0 = Debug|Any CPU
		{84850382-6BA8-4852-B257-F5E763D4E913}.Release|Any CPU.ActiveCfg = Release|Any CPU
		{84850382-6BA8-4852-B257-F5E763D4E913}.Release|Any CPU.Build.0 = Release|Any CPU
		{CA5DFEEB-B9F9-4BD7-89C1-9C318CD201EC}.Debug|Any CPU.ActiveCfg = Debug|Any CPU
		{CA5DFEEB-B9F9-4BD7-89C1-9C318CD201EC}.Debug|Any CPU.Build.0 = Debug|Any CPU
		{CA5DFEEB-B9F9-4BD7-89C1-9C318CD201EC}.Release|Any CPU.ActiveCfg = Release|Any CPU
		{CA5DFEEB-B9F9-4BD7-89C1-9C318CD201EC}.Release|Any CPU.Build.0 = Release|Any CPU
		{4F5229BD-1756-476F-B57E-FC25CAAC1349}.Debug|Any CPU.ActiveCfg = Debug|Any CPU
		{4F5229BD-1756-476F-B57E-FC25CAAC1349}.Debug|Any CPU.Build.0 = Debug|Any CPU
		{4F5229BD-1756-476F-B57E-FC25CAAC1349}.Release|Any CPU.ActiveCfg = Release|Any CPU
		{4F5229BD-1756-476F-B57E-FC25CAAC1349}.Release|Any CPU.Build.0 = Release|Any CPU
		{B5183737-7B46-43C5-96D1-6A9FC02E2591}.Debug|Any CPU.ActiveCfg = Debug|Any CPU
		{B5183737-7B46-43C5-96D1-6A9FC02E2591}.Debug|Any CPU.Build.0 = Debug|Any CPU
		{B5183737-7B46-43C5-96D1-6A9FC02E2591}.Release|Any CPU.ActiveCfg = Release|Any CPU
		{B5183737-7B46-43C5-96D1-6A9FC02E2591}.Release|Any CPU.Build.0 = Release|Any CPU
		{0415F154-A709-4A0D-8AC8-1FB67DAB5E49}.Debug|Any CPU.ActiveCfg = Debug|Any CPU
		{0415F154-A709-4A0D-8AC8-1FB67DAB5E49}.Debug|Any CPU.Build.0 = Debug|Any CPU
		{0415F154-A709-4A0D-8AC8-1FB67DAB5E49}.Release|Any CPU.ActiveCfg = Release|Any CPU
		{0415F154-A709-4A0D-8AC8-1FB67DAB5E49}.Release|Any CPU.Build.0 = Release|Any CPU
		{FC155CF7-B296-48A8-9909-B0FED529E15A}.Debug|Any CPU.ActiveCfg = Debug|Any CPU
		{FC155CF7-B296-48A8-9909-B0FED529E15A}.Debug|Any CPU.Build.0 = Debug|Any CPU
		{FC155CF7-B296-48A8-9909-B0FED529E15A}.Release|Any CPU.ActiveCfg = Release|Any CPU
		{FC155CF7-B296-48A8-9909-B0FED529E15A}.Release|Any CPU.Build.0 = Release|Any CPU
		{7F009B67-C58C-4C99-B3C3-EF39CF459081}.Debug|Any CPU.ActiveCfg = Debug|Any CPU
		{7F009B67-C58C-4C99-B3C3-EF39CF459081}.Debug|Any CPU.Build.0 = Debug|Any CPU
		{7F009B67-C58C-4C99-B3C3-EF39CF459081}.Release|Any CPU.ActiveCfg = Release|Any CPU
		{7F009B67-C58C-4C99-B3C3-EF39CF459081}.Release|Any CPU.Build.0 = Release|Any CPU
		{315883B8-38D8-4A5C-A913-3EE0BCA0290D}.Debug|Any CPU.ActiveCfg = Debug|Any CPU
		{315883B8-38D8-4A5C-A913-3EE0BCA0290D}.Debug|Any CPU.Build.0 = Debug|Any CPU
		{315883B8-38D8-4A5C-A913-3EE0BCA0290D}.Release|Any CPU.ActiveCfg = Release|Any CPU
		{315883B8-38D8-4A5C-A913-3EE0BCA0290D}.Release|Any CPU.Build.0 = Release|Any CPU
		{961773E6-43D6-40AC-9EF2-024330C31799}.Debug|Any CPU.ActiveCfg = Debug|Any CPU
		{961773E6-43D6-40AC-9EF2-024330C31799}.Debug|Any CPU.Build.0 = Debug|Any CPU
		{961773E6-43D6-40AC-9EF2-024330C31799}.Release|Any CPU.ActiveCfg = Release|Any CPU
		{961773E6-43D6-40AC-9EF2-024330C31799}.Release|Any CPU.Build.0 = Release|Any CPU
		{F58B92AC-7026-45CE-9C31-C400FBB8DCB9}.Debug|Any CPU.ActiveCfg = Debug|Any CPU
		{F58B92AC-7026-45CE-9C31-C400FBB8DCB9}.Debug|Any CPU.Build.0 = Debug|Any CPU
		{F58B92AC-7026-45CE-9C31-C400FBB8DCB9}.Release|Any CPU.ActiveCfg = Release|Any CPU
		{F58B92AC-7026-45CE-9C31-C400FBB8DCB9}.Release|Any CPU.Build.0 = Release|Any CPU
		{8C5B032F-F380-4B7E-B8AE-9B911DBA8B00}.Debug|Any CPU.ActiveCfg = Debug|Any CPU
		{8C5B032F-F380-4B7E-B8AE-9B911DBA8B00}.Debug|Any CPU.Build.0 = Debug|Any CPU
		{8C5B032F-F380-4B7E-B8AE-9B911DBA8B00}.Release|Any CPU.ActiveCfg = Release|Any CPU
		{8C5B032F-F380-4B7E-B8AE-9B911DBA8B00}.Release|Any CPU.Build.0 = Release|Any CPU
		{C16F476B-4702-4420-B9CC-4820F4465131}.Debug|Any CPU.ActiveCfg = Debug|Any CPU
		{C16F476B-4702-4420-B9CC-4820F4465131}.Debug|Any CPU.Build.0 = Debug|Any CPU
		{C16F476B-4702-4420-B9CC-4820F4465131}.Release|Any CPU.ActiveCfg = Release|Any CPU
		{C16F476B-4702-4420-B9CC-4820F4465131}.Release|Any CPU.Build.0 = Release|Any CPU
		{B6C424C6-E162-4745-8584-6AB2D97F19B8}.Debug|Any CPU.ActiveCfg = Debug|Any CPU
		{B6C424C6-E162-4745-8584-6AB2D97F19B8}.Debug|Any CPU.Build.0 = Debug|Any CPU
		{B6C424C6-E162-4745-8584-6AB2D97F19B8}.Release|Any CPU.ActiveCfg = Release|Any CPU
		{B6C424C6-E162-4745-8584-6AB2D97F19B8}.Release|Any CPU.Build.0 = Release|Any CPU
		{A38757E9-237F-4788-AA0F-B8F6B72B6F0E}.Debug|Any CPU.ActiveCfg = Debug|Any CPU
		{A38757E9-237F-4788-AA0F-B8F6B72B6F0E}.Debug|Any CPU.Build.0 = Debug|Any CPU
		{A38757E9-237F-4788-AA0F-B8F6B72B6F0E}.Release|Any CPU.ActiveCfg = Release|Any CPU
		{A38757E9-237F-4788-AA0F-B8F6B72B6F0E}.Release|Any CPU.Build.0 = Release|Any CPU
		{3AFA9C57-DA64-4325-A0C7-2E300DC47041}.Debug|Any CPU.ActiveCfg = Debug|Any CPU
		{3AFA9C57-DA64-4325-A0C7-2E300DC47041}.Debug|Any CPU.Build.0 = Debug|Any CPU
		{3AFA9C57-DA64-4325-A0C7-2E300DC47041}.Release|Any CPU.ActiveCfg = Release|Any CPU
		{3AFA9C57-DA64-4325-A0C7-2E300DC47041}.Release|Any CPU.Build.0 = Release|Any CPU
		{C40A6937-29EE-487D-B00A-03924383AEC4}.Debug|Any CPU.ActiveCfg = Debug|Any CPU
		{C40A6937-29EE-487D-B00A-03924383AEC4}.Debug|Any CPU.Build.0 = Debug|Any CPU
		{C40A6937-29EE-487D-B00A-03924383AEC4}.Release|Any CPU.ActiveCfg = Release|Any CPU
		{C40A6937-29EE-487D-B00A-03924383AEC4}.Release|Any CPU.Build.0 = Release|Any CPU
	EndGlobalSection
	GlobalSection(NestedProjects) = preSolution
		{F9334C3F-FFE1-4075-8364-3309D16E786B} = {BC5D6FC1-CBB0-411C-A320-F93EE9FF1CA7}
		{8BC76EE6-1BA8-4C9C-B35C-41534B07DD8E} = {BC5D6FC1-CBB0-411C-A320-F93EE9FF1CA7}
		{F80A985B-0BE5-4063-94E6-C8518DC40B28} = {BC5D6FC1-CBB0-411C-A320-F93EE9FF1CA7}
		{84850382-6BA8-4852-B257-F5E763D4E913} = {BC5D6FC1-CBB0-411C-A320-F93EE9FF1CA7}
		{CA5DFEEB-B9F9-4BD7-89C1-9C318CD201EC} = {BC5D6FC1-CBB0-411C-A320-F93EE9FF1CA7}
		{4F5229BD-1756-476F-B57E-FC25CAAC1349} = {BC5D6FC1-CBB0-411C-A320-F93EE9FF1CA7}
		{B5183737-7B46-43C5-96D1-6A9FC02E2591} = {BC5D6FC1-CBB0-411C-A320-F93EE9FF1CA7}
		{0415F154-A709-4A0D-8AC8-1FB67DAB5E49} = {BC5D6FC1-CBB0-411C-A320-F93EE9FF1CA7}
		{FC155CF7-B296-48A8-9909-B0FED529E15A} = {BC5D6FC1-CBB0-411C-A320-F93EE9FF1CA7}
		{7F009B67-C58C-4C99-B3C3-EF39CF459081} = {BC5D6FC1-CBB0-411C-A320-F93EE9FF1CA7}
		{315883B8-38D8-4A5C-A913-3EE0BCA0290D} = {BC5D6FC1-CBB0-411C-A320-F93EE9FF1CA7}
		{961773E6-43D6-40AC-9EF2-024330C31799} = {381A0C90-F6D2-42C2-9FF0-BE559728E6AB}
		{F58B92AC-7026-45CE-9C31-C400FBB8DCB9} = {381A0C90-F6D2-42C2-9FF0-BE559728E6AB}
		{8C5B032F-F380-4B7E-B8AE-9B911DBA8B00} = {E33774C9-CDF8-49B2-9BBC-434CCB185B92}
		{C16F476B-4702-4420-B9CC-4820F4465131} = {AF6AD9DF-4B3A-4EAC-9432-9381A2590D5C}
		{B6C424C6-E162-4745-8584-6AB2D97F19B8} = {AF6AD9DF-4B3A-4EAC-9432-9381A2590D5C}
		{A38757E9-237F-4788-AA0F-B8F6B72B6F0E} = {E33774C9-CDF8-49B2-9BBC-434CCB185B92}
		{3AFA9C57-DA64-4325-A0C7-2E300DC47041} = {C2854CE5-FEB8-4F35-8665-B4E292709D34}
		{C40A6937-29EE-487D-B00A-03924383AEC4} = {C2854CE5-FEB8-4F35-8665-B4E292709D34}
	EndGlobalSection
EndGlobal
